<?xml version="1.0" encoding="utf-8"?>
<Project ToolsVersion="18.0" xmlns="http://schemas.microsoft.com/developer/msbuild/2003">
  <ItemGroup>
    <CustomBuild Include="C:\Users\uhhlu\OneDrive\Documents\GitHub\R6-No-Recoil\CMakeFiles\28cf49f9f6cd81bd21412e1d3c6ddcb1\generate.stamp.rule">
      <Filter>CMake Rules</Filter>
    </CustomBuild>
  </ItemGroup>
  <ItemGroup>
    <Filter Include="CMake Rules">
      <UniqueIdentifier>{CD71F4FD-D25C-32C4-AA63-2839929FDD71}</UniqueIdentifier>
    </Filter>
  </ItemGroup>
</Project>
